
Microsoft Visual Studio Solution File, Format Version 12.00
Project("{FAE04EC0-301F-11D3-BF4B-00C04F79EFBC}") = "CodingShowcase", "CodingShowcase\CodingShowcase.csproj", "{7232F22D-83BA-42D0-95BE-22AA9EFB859E}"
EndProject
Global
	GlobalSection(SolutionConfigurationPlatforms) = preSolution
		Debug|Any CPU = Debug|Any CPU
		Release|Any CPU = Release|Any CPU
	EndGlobalSection
	GlobalSection(ProjectConfigurationPlatforms) = postSolution
		{7232F22D-83BA-42D0-95BE-22AA9EFB859E}.Debug|Any CPU.ActiveCfg = Debug|Any CPU
		{7232F22D-83BA-42D0-95BE-22AA9EFB859E}.Debug|Any CPU.Build.0 = Debug|Any CPU
		{7232F22D-83BA-42D0-95BE-22AA9EFB859E}.Release|Any CPU.ActiveCfg = Release|Any CPU
		{7232F22D-83BA-42D0-95BE-22AA9EFB859E}.Release|Any CPU.Build.0 = Release|Any CPU
	EndGlobalSection
EndGlobal
